
Microsoft Visual Studio Solution File, Format Version 12.00
# Visual Studio Version 17
VisualStudioVersion = 17.2.32602.215
MinimumVisualStudioVersion = 10.0.40219.1
Project("{FAE04EC0-301F-11D3-BF4B-00C04F79EFBC}") = "GT4SaveEditor", "GT4SaveEditor\GT4SaveEditor.csproj", "{E38D7F1A-936A-486C-8CB0-60B6514C7353}"
EndProject
Project("{FAE04EC0-301F-11D3-BF4B-00C04F79EFBC}") = "PDTools.SaveFile", "PDTools\PDTools.SaveFile\PDTools.SaveFile.csproj", "{77D789FF-F5B6-7D92-E2A7-E5C9179BAA25}"
EndProject
Project("{FAE04EC0-301F-11D3-BF4B-00C04F79EFBC}") = "PDTools.Hashing", "PDTools\PDTools.Hashing\PDTools.Hashing.csproj", "{4E703427-AC31-C361-5F9A-E15704C2B4B9}"
EndProject
Project("{FAE04EC0-301F-11D3-BF4B-00C04F79EFBC}") = "PDTools.Enums", "PDTools\PDTools.Enums\PDTools.Enums.csproj", "{AC9361F7-9ADC-9211-86E7-01866BC35B17}"
EndProject
Project("{FAE04EC0-301F-11D3-BF4B-00C04F79EFBC}") = "PDTools.Crypto", "PDTools\PDTools.Crypto\PDTools.Crypto.csproj", "{BA560CF2-96E1-9C6B-4CEE-79958929B006}"
EndProject
Project("{FAE04EC0-301F-11D3-BF4B-00C04F79EFBC}") = "PDTools.Structures", "PDTools\PDTools.Structures\PDTools.Structures.csproj", "{93F72DC1-BDE5-004A-779F-089CB7B369C1}"
EndProject
Project("{FAE04EC0-301F-11D3-BF4B-00C04F79EFBC}") = "PDTools.Utils", "PDTools\PDTools.Utils\PDTools.Utils.csproj", "{6EC52B9F-F8C0-37C6-1141-C51F5B3116A9}"
EndProject
Global
	GlobalSection(SolutionConfigurationPlatforms) = preSolution
		Debug|Any CPU = Debug|Any CPU
		Release|Any CPU = Release|Any CPU
	EndGlobalSection
	GlobalSection(ProjectConfigurationPlatforms) = postSolution
		{E38D7F1A-936A-486C-8CB0-60B6514C7353}.Debug|Any CPU.ActiveCfg = Debug|Any CPU
		{E38D7F1A-936A-486C-8CB0-60B6514C7353}.Debug|Any CPU.Build.0 = Debug|Any CPU
		{E38D7F1A-936A-486C-8CB0-60B6514C7353}.Release|Any CPU.ActiveCfg = Release|Any CPU
		{E38D7F1A-936A-486C-8CB0-60B6514C7353}.Release|Any CPU.Build.0 = Release|Any CPU
		{77D789FF-F5B6-7D92-E2A7-E5C9179BAA25}.Debug|Any CPU.ActiveCfg = Debug|Any CPU
		{77D789FF-F5B6-7D92-E2A7-E5C9179BAA25}.Debug|Any CPU.Build.0 = Debug|Any CPU
		{77D789FF-F5B6-7D92-E2A7-E5C9179BAA25}.Release|Any CPU.ActiveCfg = Release|Any CPU
		{77D789FF-F5B6-7D92-E2A7-E5C9179BAA25}.Release|Any CPU.Build.0 = Release|Any CPU
		{4E703427-AC31-C361-5F9A-E15704C2B4B9}.Debug|Any CPU.ActiveCfg = Debug|Any CPU
		{4E703427-AC31-C361-5F9A-E15704C2B4B9}.Debug|Any CPU.Build.0 = Debug|Any CPU
		{4E703427-AC31-C361-5F9A-E15704C2B4B9}.Release|Any CPU.ActiveCfg = Release|Any CPU
		{4E703427-AC31-C361-5F9A-E15704C2B4B9}.Release|Any CPU.Build.0 = Release|Any CPU
		{AC9361F7-9ADC-9211-86E7-01866BC35B17}.Debug|Any CPU.ActiveCfg = Debug|Any CPU
		{AC9361F7-9ADC-9211-86E7-01866BC35B17}.Debug|Any CPU.Build.0 = Debug|Any CPU
		{AC9361F7-9ADC-9211-86E7-01866BC35B17}.Release|Any CPU.ActiveCfg = Release|Any CPU
		{AC9361F7-9ADC-9211-86E7-01866BC35B17}.Release|Any CPU.Build.0 = Release|Any CPU
		{BA560CF2-96E1-9C6B-4CEE-79958929B006}.Debug|Any CPU.ActiveCfg = Debug|Any CPU
		{BA560CF2-96E1-9C6B-4CEE-79958929B006}.Debug|Any CPU.Build.0 = Debug|Any CPU
		{BA560CF2-96E1-9C6B-4CEE-79958929B006}.Release|Any CPU.ActiveCfg = Release|Any CPU
		{BA560CF2-96E1-9C6B-4CEE-79958929B006}.Release|Any CPU.Build.0 = Release|Any CPU
		{93F72DC1-BDE5-004A-779F-089CB7B369C1}.Debug|Any CPU.ActiveCfg = Debug|Any CPU
		{93F72DC1-BDE5-004A-779F-089CB7B369C1}.Debug|Any CPU.Build.0 = Debug|Any CPU
		{93F72DC1-BDE5-004A-779F-089CB7B369C1}.Release|Any CPU.ActiveCfg = Release|Any CPU
		{93F72DC1-BDE5-004A-779F-089CB7B369C1}.Release|Any CPU.Build.0 = Release|Any CPU
		{6EC52B9F-F8C0-37C6-1141-C51F5B3116A9}.Debug|Any CPU.ActiveCfg = Debug|Any CPU
		{6EC52B9F-F8C0-37C6-1141-C51F5B3116A9}.Debug|Any CPU.Build.0 = Debug|Any CPU
		{6EC52B9F-F8C0-37C6-1141-C51F5B3116A9}.Release|Any CPU.ActiveCfg = Release|Any CPU
		{6EC52B9F-F8C0-37C6-1141-C51F5B3116A9}.Release|Any CPU.Build.0 = Release|Any CPU
	EndGlobalSection
	GlobalSection(SolutionProperties) = preSolution
		HideSolutionNode = FALSE
	EndGlobalSection
	GlobalSection(ExtensibilityGlobals) = postSolution
		SolutionGuid = {44367E95-F963-4A81-9A7D-24092787B56D}
	EndGlobalSection
EndGlobal
